
Microsoft Visual Studio Solution File, Format Version 12.00
# Visual Studio Version 16
VisualStudioVersion = 16.0.32106.194
MinimumVisualStudioVersion = 10.0.40219.1
Project("{9A19103F-16F7-4668-BE54-9A1E7A4F7556}") = "BilgeHotel.Entities", "BilgeHotel.Entities\BilgeHotel.Entities.csproj", "{F6B31730-2191-4653-9318-E9AD31F2885A}"
EndProject
Project("{9A19103F-16F7-4668-BE54-9A1E7A4F7556}") = "BilgeHotel.DataAccess", "BilgeHotel.DataAccess\BilgeHotel.DataAccess.csproj", "{0B28DEE9-4C93-4567-9685-51EC1AAE2E91}"
EndProject
Project("{9A19103F-16F7-4668-BE54-9A1E7A4F7556}") = "BilgeHotel.Business", "BilgeHotel.Business\BilgeHotel.Business.csproj", "{4B4F5237-77FB-4BA9-B403-66892C1915C8}"
EndProject
Project("{9A19103F-16F7-4668-BE54-9A1E7A4F7556}") = "BilgeHotel.WebUI", "BilgeHotel.WebUI\BilgeHotel.WebUI.csproj", "{E7BEFCE9-4D3C-451E-A27B-A68EA98266DA}"
EndProject
Project("{9A19103F-16F7-4668-BE54-9A1E7A4F7556}") = "BilgeHotel.IocContainer", "BilgeHotel.IocContainer\BilgeHotel.IocContainer.csproj", "{6C519E42-3893-4CC7-A772-ED03A03C0D96}"
EndProject
Project("{9A19103F-16F7-4668-BE54-9A1E7A4F7556}") = "BilgeHotel.ViewModels", "BilgeHotel.ViewModels\BilgeHotel.ViewModels.csproj", "{D7EA1DDF-EB6F-4DC7-888A-8F51BE34778E}"
EndProject
Project("{9A19103F-16F7-4668-BE54-9A1E7A4F7556}") = "BilgeHotel.Core", "BilgeHotel.Core\BilgeHotel.Core.csproj", "{2BF88EAF-8D49-4360-AB91-E9342D45FA06}"
EndProject
Project("{9A19103F-16F7-4668-BE54-9A1E7A4F7556}") = "BankaAPI", "BankaAPI\BankaAPI.csproj", "{65554097-3A1F-4F63-BF78-E5E3234035D3}"
EndProject
Project("{9A19103F-16F7-4668-BE54-9A1E7A4F7556}") = "BilgeHotel.CacheReservation", "BilgeHotel.CacheReservation\BilgeHotel.CacheReservation.csproj", "{685995CB-F75A-4D83-9136-6CDC241EB84D}"
EndProject
Project("{FAE04EC0-301F-11D3-BF4B-00C04F79EFBC}") = "BilgeHotel.WebApi", "BilgeHotel.WebApi\BilgeHotel.WebApi.csproj", "{C45400B5-7F18-48A2-AE39-F9C30EA7B7D9}"
EndProject
Global
	GlobalSection(SolutionConfigurationPlatforms) = preSolution
		Debug|Any CPU = Debug|Any CPU
		Release|Any CPU = Release|Any CPU
	EndGlobalSection
	GlobalSection(ProjectConfigurationPlatforms) = postSolution
		{F6B31730-2191-4653-9318-E9AD31F2885A}.Debug|Any CPU.ActiveCfg = Debug|Any CPU
		{F6B31730-2191-4653-9318-E9AD31F2885A}.Debug|Any CPU.Build.0 = Debug|Any CPU
		{F6B31730-2191-4653-9318-E9AD31F2885A}.Release|Any CPU.ActiveCfg = Release|Any CPU
		{F6B31730-2191-4653-9318-E9AD31F2885A}.Release|Any CPU.Build.0 = Release|Any CPU
		{0B28DEE9-4C93-4567-9685-51EC1AAE2E91}.Debug|Any CPU.ActiveCfg = Debug|Any CPU
		{0B28DEE9-4C93-4567-9685-51EC1AAE2E91}.Debug|Any CPU.Build.0 = Debug|Any CPU
		{0B28DEE9-4C93-4567-9685-51EC1AAE2E91}.Release|Any CPU.ActiveCfg = Release|Any CPU
		{0B28DEE9-4C93-4567-9685-51EC1AAE2E91}.Release|Any CPU.Build.0 = Release|Any CPU
		{4B4F5237-77FB-4BA9-B403-66892C1915C8}.Debug|Any CPU.ActiveCfg = Debug|Any CPU
		{4B4F5237-77FB-4BA9-B403-66892C1915C8}.Debug|Any CPU.Build.0 = Debug|Any CPU
		{4B4F5237-77FB-4BA9-B403-66892C1915C8}.Release|Any CPU.ActiveCfg = Release|Any CPU
		{4B4F5237-77FB-4BA9-B403-66892C1915C8}.Release|Any CPU.Build.0 = Release|Any CPU
		{E7BEFCE9-4D3C-451E-A27B-A68EA98266DA}.Debug|Any CPU.ActiveCfg = Debug|Any CPU
		{E7BEFCE9-4D3C-451E-A27B-A68EA98266DA}.Debug|Any CPU.Build.0 = Debug|Any CPU
		{E7BEFCE9-4D3C-451E-A27B-A68EA98266DA}.Release|Any CPU.ActiveCfg = Release|Any CPU
		{E7BEFCE9-4D3C-451E-A27B-A68EA98266DA}.Release|Any CPU.Build.0 = Release|Any CPU
		{6C519E42-3893-4CC7-A772-ED03A03C0D96}.Debug|Any CPU.ActiveCfg = Debug|Any CPU
		{6C519E42-3893-4CC7-A772-ED03A03C0D96}.Debug|Any CPU.Build.0 = Debug|Any CPU
		{6C519E42-3893-4CC7-A772-ED03A03C0D96}.Release|Any CPU.ActiveCfg = Release|Any CPU
		{6C519E42-3893-4CC7-A772-ED03A03C0D96}.Release|Any CPU.Build.0 = Release|Any CPU
		{D7EA1DDF-EB6F-4DC7-888A-8F51BE34778E}.Debug|Any CPU.ActiveCfg = Debug|Any CPU
		{D7EA1DDF-EB6F-4DC7-888A-8F51BE34778E}.Debug|Any CPU.Build.0 = Debug|Any CPU
		{D7EA1DDF-EB6F-4DC7-888A-8F51BE34778E}.Release|Any CPU.ActiveCfg = Release|Any CPU
		{D7EA1DDF-EB6F-4DC7-888A-8F51BE34778E}.Release|Any CPU.Build.0 = Release|Any CPU
		{2BF88EAF-8D49-4360-AB91-E9342D45FA06}.Debug|Any CPU.ActiveCfg = Debug|Any CPU
		{2BF88EAF-8D49-4360-AB91-E9342D45FA06}.Debug|Any CPU.Build.0 = Debug|Any CPU
		{2BF88EAF-8D49-4360-AB91-E9342D45FA06}.Release|Any CPU.ActiveCfg = Release|Any CPU
		{2BF88EAF-8D49-4360-AB91-E9342D45FA06}.Release|Any CPU.Build.0 = Release|Any CPU
		{65554097-3A1F-4F63-BF78-E5E3234035D3}.Debug|Any CPU.ActiveCfg = Debug|Any CPU
		{65554097-3A1F-4F63-BF78-E5E3234035D3}.Debug|Any CPU.Build.0 = Debug|Any CPU
		{65554097-3A1F-4F63-BF78-E5E3234035D3}.Release|Any CPU.ActiveCfg = Release|Any CPU
		{65554097-3A1F-4F63-BF78-E5E3234035D3}.Release|Any CPU.Build.0 = Release|Any CPU
		{685995CB-F75A-4D83-9136-6CDC241EB84D}.Debug|Any CPU.ActiveCfg = Debug|Any CPU
		{685995CB-F75A-4D83-9136-6CDC241EB84D}.Debug|Any CPU.Build.0 = Debug|Any CPU
		{685995CB-F75A-4D83-9136-6CDC241EB84D}.Release|Any CPU.ActiveCfg = Release|Any CPU
		{685995CB-F75A-4D83-9136-6CDC241EB84D}.Release|Any CPU.Build.0 = Release|Any CPU
		{C45400B5-7F18-48A2-AE39-F9C30EA7B7D9}.Debug|Any CPU.ActiveCfg = Debug|Any CPU
		{C45400B5-7F18-48A2-AE39-F9C30EA7B7D9}.Debug|Any CPU.Build.0 = Debug|Any CPU
		{C45400B5-7F18-48A2-AE39-F9C30EA7B7D9}.Release|Any CPU.ActiveCfg = Release|Any CPU
		{C45400B5-7F18-48A2-AE39-F9C30EA7B7D9}.Release|Any CPU.Build.0 = Release|Any CPU
	EndGlobalSection
	GlobalSection(SolutionProperties) = preSolution
		HideSolutionNode = FALSE
	EndGlobalSection
	GlobalSection(ExtensibilityGlobals) = postSolution
		SolutionGuid = {BFCC3484-D7F7-4CBF-B1F9-FED2F4B7BF4A}
	EndGlobalSection
EndGlobal
